
Microsoft Visual Studio Solution File, Format Version 12.00
# Visual Studio Version 16
Project("{8BC9CEB8-8B4A-11D0-8D11-00A0C91BC942}") = "Engine", "Engine.vcxproj", "{DBC7D3B0-C769-FE86-B024-12DB9C6585D7}"
EndProject
Project("{8BC9CEB8-8B4A-11D0-8D11-00A0C91BC942}") = "Imgui", "imgui\Imgui.vcxproj", "{E087650D-4C9C-8DBE-151E-311E81F189EF}"
EndProject
Project("{8BC9CEB8-8B4A-11D0-8D11-00A0C91BC942}") = "OpenGL", "OpenGL\OpenGL.vcxproj", "{8A864AC8-7628-759E-5FE3-88F24B24FCEE}"
EndProject
Project("{8BC9CEB8-8B4A-11D0-8D11-00A0C91BC942}") = "Sandbox", "Sandbox.vcxproj", "{F4C124E3-60A1-A37E-69B9-2E55D5170AE0}"
EndProject
Project("{8BC9CEB8-8B4A-11D0-8D11-00A0C91BC942}") = "Wing6502_sim", "wing6502_sim\Wing6502_sim.vcxproj", "{AF9D6182-9B00-F126-4486-29DD30C8BCA9}"
EndProject
Global
	GlobalSection(SolutionConfigurationPlatforms) = preSolution
		Debug|Win32 = Debug|Win32
		Release|Win32 = Release|Win32
	EndGlobalSection
	GlobalSection(ProjectConfigurationPlatforms) = postSolution
		{DBC7D3B0-C769-FE86-B024-12DB9C6585D7}.Debug|Win32.ActiveCfg = Debug|Win32
		{DBC7D3B0-C769-FE86-B024-12DB9C6585D7}.Debug|Win32.Build.0 = Debug|Win32
		{DBC7D3B0-C769-FE86-B024-12DB9C6585D7}.Release|Win32.ActiveCfg = Release|Win32
		{DBC7D3B0-C769-FE86-B024-12DB9C6585D7}.Release|Win32.Build.0 = Release|Win32
		{E087650D-4C9C-8DBE-151E-311E81F189EF}.Debug|Win32.ActiveCfg = Debug|Win32
		{E087650D-4C9C-8DBE-151E-311E81F189EF}.Debug|Win32.Build.0 = Debug|Win32
		{E087650D-4C9C-8DBE-151E-311E81F189EF}.Release|Win32.ActiveCfg = Release|Win32
		{E087650D-4C9C-8DBE-151E-311E81F189EF}.Release|Win32.Build.0 = Release|Win32
		{8A864AC8-7628-759E-5FE3-88F24B24FCEE}.Debug|Win32.ActiveCfg = Debug|Win32
		{8A864AC8-7628-759E-5FE3-88F24B24FCEE}.Debug|Win32.Build.0 = Debug|Win32
		{8A864AC8-7628-759E-5FE3-88F24B24FCEE}.Release|Win32.ActiveCfg = Release|Win32
		{8A864AC8-7628-759E-5FE3-88F24B24FCEE}.Release|Win32.Build.0 = Release|Win32
		{F4C124E3-60A1-A37E-69B9-2E55D5170AE0}.Debug|Win32.ActiveCfg = Debug|Win32
		{F4C124E3-60A1-A37E-69B9-2E55D5170AE0}.Debug|Win32.Build.0 = Debug|Win32
		{F4C124E3-60A1-A37E-69B9-2E55D5170AE0}.Release|Win32.ActiveCfg = Release|Win32
		{F4C124E3-60A1-A37E-69B9-2E55D5170AE0}.Release|Win32.Build.0 = Release|Win32
		{AF9D6182-9B00-F126-4486-29DD30C8BCA9}.Debug|Win32.ActiveCfg = Debug|Win32
		{AF9D6182-9B00-F126-4486-29DD30C8BCA9}.Debug|Win32.Build.0 = Debug|Win32
		{AF9D6182-9B00-F126-4486-29DD30C8BCA9}.Release|Win32.ActiveCfg = Release|Win32
		{AF9D6182-9B00-F126-4486-29DD30C8BCA9}.Release|Win32.Build.0 = Release|Win32
	EndGlobalSection
	GlobalSection(SolutionProperties) = preSolution
		HideSolutionNode = FALSE
	EndGlobalSection
EndGlobal
